PODS:
  - AFDownloadRequestOperation (2.0.1):
    - AFNetworking (~> 2.0)
  - AFNetworking (2.7.0):
    - AFNetworking/NSURLConnection (= 2.7.0)
    - AFNetworking/NSURLSession (= 2.7.0)
    - AFNetworking/Reachability (= 2.7.0)
    - AFNetworking/Security (= 2.7.0)
    - AFNetworking/Serialization (= 2.7.0)
    - AFNetworking/UIKit (= 2.7.0)
  - AFNetworking/NSURLConnection (2.7.0):
    - AFNetworking/Reachability
    - AFNetworking/Security
    - AFNetworking/Serialization
  - AFNetworking/NSURLSession (2.7.0):
    - AFNetworking/Reachability
    - AFNetworking/Security
    - AFNetworking/Serialization
  - AFNetworking/Reachability (2.7.0)
  - AFNetworking/Security (2.7.0)
  - AFNetworking/Serialization (2.7.0)
  - AFNetworking/UIKit (2.7.0):
    - AFNetworking/NSURLConnection
    - AFNetworking/NSURLSession
  - Masonry (1.1.0)
  - MBProgressHUD (1.1.0)
  - MSWeakTimer (1.1.0)
  - pop (1.0.12)
  - TYAttributedLabel (2.6.9)

DEPENDENCIES:
  - AFDownloadRequestOperation (~> 2.0.1)
  - AFNetworking (~> 2.0)
  - Masonry (~> 1.1.0)
  - MBProgressHUD (~> 1.1.0)
  - MSWeakTimer (~> 1.1.0)
  - pop (~> 1.0)
  - TYAttributedLabel (~> 2.6.9)

SPEC REPOS:
  https://github.com/CocoaPods/Specs.git:
    - AFDownloadRequestOperation
    - AFNetworking
    - Masonry
    - MBProgressHUD
    - MSWeakTimer
    - pop
    - TYAttributedLabel

SPEC CHECKSUMS:
  AFDownloadRequestOperation: 748a1643423e1ddb23f2178f778087d4f0ae8ac7
  AFNetworking: 8dd5f9b9691e09186393069a12cc3b5ed7c8b511
  Masonry: 678fab65091a9290e40e2832a55e7ab731aad201
  MBProgressHUD: e7baa36a220447d8aeb12769bf0585582f3866d9
  MSWeakTimer: 9426150f933b80ed3acf3f6d228e4b61f0e303c8
  pop: d582054913807fd11fd50bfe6a539d91c7e1a55a
  TYAttributedLabel: 566d7503cf9e5460f409bb5d4c14690d25088972

PODFILE CHECKSUM: f07fdcb81c59a2add3706e476ed987035b2e39ad

COCOAPODS: 1.11.2
